<?xml version="1.0" encoding="utf-8"?>
<Project ToolsVersion="4.0" xmlns="http://schemas.microsoft.com/developer/msbuild/2003">
  <ItemGroup>
    <Filter Include="源文件">
      <UniqueIdentifier>{4FC737F1-C7A5-4376-A066-2A32D752A2FF}</UniqueIdentifier>
      <Extensions>cpp;c;cc;cxx;def;odl;idl;hpj;bat;asm;asmx</Extensions>
    </Filter>
    <Filter Include="头文件">
      <UniqueIdentifier>{93995380-89BD-4b04-88EB-625FBE52EBFB}</UniqueIdentifier>
      <Extensions>h;hh;hpp;hxx;hm;inl;inc;ipp;xsd</Extensions>
    </Filter>
    <Filter Include="资源文件">
      <UniqueIdentifier>{67DA6AB6-F800-4c08-8B7A-83BB121AAD01}</UniqueIdentifier>
      <Extensions>rc;ico;cur;bmp;dlg;rc2;rct;bin;rgs;gif;jpg;jpeg;jpe;resx;tiff;tif;png;wav;mfcribbon-ms</Extensions>
    </Filter>
    <Filter Include="ChartCtrl">
      <UniqueIdentifier>{652a6931-ebe1-4642-a720-e6fbf3d1a8bc}</UniqueIdentifier>
    </Filter>
  </ItemGroup>
  <ItemGroup>
    <ClInclude Include="TEST_EQU.h">
      <Filter>头文件</Filter>
    </ClInclude>
    <ClInclude Include="TEST_EQUDlg.h">
      <Filter>头文件</Filter>
    </ClInclude>
    <ClInclude Include="stdafx.h">
      <Filter>头文件</Filter>
    </ClInclude>
    <ClInclude Include="targetver.h">
      <Filter>头文件</Filter>
    </ClInclude>
    <ClInclude Include="Resource.h">
      <Filter>头文件</Filter>
    </ClInclude>
    <ClInclude Include="Ctestpoint.h">
      <Filter>头文件</Filter>
    </ClInclude>
    <ClInclude Include="C.h">
      <Filter>头文件</Filter>
    </ClInclude>
    <ClInclude Include="Cshiyan2creatreport.h">
      <Filter>头文件</Filter>
    </ClInclude>
    <ClInclude Include="Cshuyan1fenxi.h">
      <Filter>头文件</Filter>
    </ClInclude>
    <ClInclude Include="Cshiyan2.h">
      <Filter>头文件</Filter>
    </ClInclude>
    <ClInclude Include="Cshiyan3.h">
      <Filter>头文件</Filter>
    </ClInclude>
    <ClInclude Include="Cshiyan4.h">
      <Filter>头文件</Filter>
    </ClInclude>
    <ClInclude Include="Cshiyan5.h">
      <Filter>头文件</Filter>
    </ClInclude>
    <ClInclude Include="Cshiyan6.h">
      <Filter>头文件</Filter>
    </ClInclude>
    <ClInclude Include="Cshiyan7.h">
      <Filter>头文件</Filter>
    </ClInclude>
    <ClInclude Include="Cshiyan8.h">
      <Filter>头文件</Filter>
    </ClInclude>
    <ClInclude Include="Cshiyan9.h">
      <Filter>头文件</Filter>
    </ClInclude>
    <ClInclude Include="Cshiyan2report.h">
      <Filter>头文件</Filter>
    </ClInclude>
    <ClInclude Include="DataBaseADO.h">
      <Filter>头文件</Filter>
    </ClInclude>
    <ClInclude Include="Cshiyan3report.h">
      <Filter>头文件</Filter>
    </ClInclude>
    <ClInclude Include="Cshiyan44report.h">
      <Filter>头文件</Filter>
    </ClInclude>
    <ClInclude Include="Cshiyan5report.h">
      <Filter>头文件</Filter>
    </ClInclude>
    <ClInclude Include="Cshiyan6report.h">
      <Filter>头文件</Filter>
    </ClInclude>
    <ClInclude Include="Cshiyan7report.h">
      <Filter>头文件</Filter>
    </ClInclude>
    <ClInclude Include="Cshiyan8report.h">
      <Filter>头文件</Filter>
    </ClInclude>
    <ClInclude Include="Cshiyan9report.h">
      <Filter>头文件</Filter>
    </ClInclude>
    <ClInclude Include="ChartCtrl\ChartAxis.h">
      <Filter>ChartCtrl</Filter>
    </ClInclude>
    <ClInclude Include="ChartCtrl\ChartAxisLabel.h">
      <Filter>ChartCtrl</Filter>
    </ClInclude>
    <ClInclude Include="ChartCtrl\ChartBalloonLabel.h">
      <Filter>ChartCtrl</Filter>
    </ClInclude>
    <ClInclude Include="ChartCtrl\ChartBarSerie.h">
      <Filter>ChartCtrl</Filter>
    </ClInclude>
    <ClInclude Include="ChartCtrl\ChartCandlestickSerie.h">
      <Filter>ChartCtrl</Filter>
    </ClInclude>
    <ClInclude Include="ChartCtrl\ChartCrossHairCursor.h">
      <Filter>ChartCtrl</Filter>
    </ClInclude>
    <ClInclude Include="ChartCtrl\ChartCtrl.h">
      <Filter>ChartCtrl</Filter>
    </ClInclude>
    <ClInclude Include="ChartCtrl\ChartCursor.h">
      <Filter>ChartCtrl</Filter>
    </ClInclude>
    <ClInclude Include="ChartCtrl\ChartDateTimeAxis.h">
      <Filter>ChartCtrl</Filter>
    </ClInclude>
    <ClInclude Include="ChartCtrl\ChartDragLineCursor.h">
      <Filter>ChartCtrl</Filter>
    </ClInclude>
    <ClInclude Include="ChartCtrl\ChartFont.h">
      <Filter>ChartCtrl</Filter>
    </ClInclude>
    <ClInclude Include="ChartCtrl\ChartGanttSerie.h">
      <Filter>ChartCtrl</Filter>
    </ClInclude>
    <ClInclude Include="ChartCtrl\ChartGradient.h">
      <Filter>ChartCtrl</Filter>
    </ClInclude>
    <ClInclude Include="ChartCtrl\ChartGrid.h">
      <Filter>ChartCtrl</Filter>
    </ClInclude>
    <ClInclude Include="ChartCtrl\ChartLabel.h">
      <Filter>ChartCtrl</Filter>
    </ClInclude>
    <ClInclude Include="ChartCtrl\ChartLegend.h">
      <Filter>ChartCtrl</Filter>
    </ClInclude>
    <ClInclude Include="ChartCtrl\ChartLineSerie.h">
      <Filter>ChartCtrl</Filter>
    </ClInclude>
    <ClInclude Include="ChartCtrl\ChartLogarithmicAxis.h">
      <Filter>ChartCtrl</Filter>
    </ClInclude>
    <ClInclude Include="ChartCtrl\ChartMouseListener.h">
      <Filter>ChartCtrl</Filter>
    </ClInclude>
    <ClInclude Include="ChartCtrl\ChartPointsArray.h">
      <Filter>ChartCtrl</Filter>
    </ClInclude>
    <ClInclude Include="ChartCtrl\ChartPointsSerie.h">
      <Filter>ChartCtrl</Filter>
    </ClInclude>
    <ClInclude Include="ChartCtrl\ChartScrollBar.h">
      <Filter>ChartCtrl</Filter>
    </ClInclude>
    <ClInclude Include="ChartCtrl\ChartSerie.h">
      <Filter>ChartCtrl</Filter>
    </ClInclude>
    <ClInclude Include="ChartCtrl\ChartSerieBase.h">
      <Filter>ChartCtrl</Filter>
    </ClInclude>
    <ClInclude Include="ChartCtrl\ChartSeriesMouseListener.h">
      <Filter>ChartCtrl</Filter>
    </ClInclude>
    <ClInclude Include="ChartCtrl\ChartStandardAxis.h">
      <Filter>ChartCtrl</Filter>
    </ClInclude>
    <ClInclude Include="ChartCtrl\ChartString.h">
      <Filter>ChartCtrl</Filter>
    </ClInclude>
    <ClInclude Include="ChartCtrl\ChartSurfaceSerie.h">
      <Filter>ChartCtrl</Filter>
    </ClInclude>
    <ClInclude Include="ChartCtrl\ChartTitle.h">
      <Filter>ChartCtrl</Filter>
    </ClInclude>
    <ClInclude Include="ChartCtrl\ChartXYSerie.h">
      <Filter>ChartCtrl</Filter>
    </ClInclude>
    <ClInclude Include="ChartCtrl\PointsOrdering.h">
      <Filter>ChartCtrl</Filter>
    </ClInclude>
  </ItemGroup>
  <ItemGroup>
    <ClCompile Include="TEST_EQU.cpp">
      <Filter>源文件</Filter>
    </ClCompile>
    <ClCompile Include="TEST_EQUDlg.cpp">
      <Filter>源文件</Filter>
    </ClCompile>
    <ClCompile Include="stdafx.cpp">
      <Filter>源文件</Filter>
    </ClCompile>
    <ClCompile Include="Ctestpoint.cpp">
      <Filter>源文件</Filter>
    </ClCompile>
    <ClCompile Include="C.cpp">
      <Filter>源文件</Filter>
    </ClCompile>
    <ClCompile Include="Cshiyan2creatreport.cpp">
      <Filter>源文件</Filter>
    </ClCompile>
    <ClCompile Include="Cshuyan1fenxi.cpp">
      <Filter>源文件</Filter>
    </ClCompile>
    <ClCompile Include="Cshiyan2.cpp">
      <Filter>源文件</Filter>
    </ClCompile>
    <ClCompile Include="Cshiyan3.cpp">
      <Filter>源文件</Filter>
    </ClCompile>
    <ClCompile Include="Cshiyan4.cpp">
      <Filter>源文件</Filter>
    </ClCompile>
    <ClCompile Include="Cshiyan5.cpp">
      <Filter>源文件</Filter>
    </ClCompile>
    <ClCompile Include="Cshiyan6.cpp">
      <Filter>源文件</Filter>
    </ClCompile>
    <ClCompile Include="Cshiyan7.cpp">
      <Filter>源文件</Filter>
    </ClCompile>
    <ClCompile Include="Cshiyan8.cpp">
      <Filter>源文件</Filter>
    </ClCompile>
    <ClCompile Include="Cshiyan9.cpp">
      <Filter>源文件</Filter>
    </ClCompile>
    <ClCompile Include="Cshiyan2report.cpp">
      <Filter>源文件</Filter>
    </ClCompile>
    <ClCompile Include="DataBaseADO.cpp">
      <Filter>源文件</Filter>
    </ClCompile>
    <ClCompile Include="Cshiyan3report.cpp">
      <Filter>源文件</Filter>
    </ClCompile>
    <ClCompile Include="Cshiyan44report.cpp">
      <Filter>源文件</Filter>
    </ClCompile>
    <ClCompile Include="Cshiyan5report.cpp">
      <Filter>源文件</Filter>
    </ClCompile>
    <ClCompile Include="Cshiyan6report.cpp">
      <Filter>源文件</Filter>
    </ClCompile>
    <ClCompile Include="Cshiyan7report.cpp">
      <Filter>源文件</Filter>
    </ClCompile>
    <ClCompile Include="Cshiyan8report.cpp">
      <Filter>源文件</Filter>
    </ClCompile>
    <ClCompile Include="Cshiyan9report.cpp">
      <Filter>源文件</Filter>
    </ClCompile>
    <ClCompile Include="ChartCtrl\ChartAxis.cpp">
      <Filter>ChartCtrl</Filter>
    </ClCompile>
    <ClCompile Include="ChartCtrl\ChartAxisLabel.cpp">
      <Filter>ChartCtrl</Filter>
    </ClCompile>
    <ClCompile Include="ChartCtrl\ChartBarSerie.cpp">
      <Filter>ChartCtrl</Filter>
    </ClCompile>
    <ClCompile Include="ChartCtrl\ChartCandlestickSerie.cpp">
      <Filter>ChartCtrl</Filter>
    </ClCompile>
    <ClCompile Include="ChartCtrl\ChartCrossHairCursor.cpp">
      <Filter>ChartCtrl</Filter>
    </ClCompile>
    <ClCompile Include="ChartCtrl\ChartCtrl.cpp">
      <Filter>ChartCtrl</Filter>
    </ClCompile>
    <ClCompile Include="ChartCtrl\ChartCursor.cpp">
      <Filter>ChartCtrl</Filter>
    </ClCompile>
    <ClCompile Include="ChartCtrl\ChartDateTimeAxis.cpp">
      <Filter>ChartCtrl</Filter>
    </ClCompile>
    <ClCompile Include="ChartCtrl\ChartDragLineCursor.cpp">
      <Filter>ChartCtrl</Filter>
    </ClCompile>
    <ClCompile Include="ChartCtrl\ChartFont.cpp">
      <Filter>ChartCtrl</Filter>
    </ClCompile>
    <ClCompile Include="ChartCtrl\ChartGanttSerie.cpp">
      <Filter>ChartCtrl</Filter>
    </ClCompile>
    <ClCompile Include="ChartCtrl\ChartGradient.cpp">
      <Filter>ChartCtrl</Filter>
    </ClCompile>
    <ClCompile Include="ChartCtrl\ChartGrid.cpp">
      <Filter>ChartCtrl</Filter>
    </ClCompile>
    <ClCompile Include="ChartCtrl\ChartLegend.cpp">
      <Filter>ChartCtrl</Filter>
    </ClCompile>
    <ClCompile Include="ChartCtrl\ChartLineSerie.cpp">
      <Filter>ChartCtrl</Filter>
    </ClCompile>
    <ClCompile Include="ChartCtrl\ChartLogarithmicAxis.cpp">
      <Filter>ChartCtrl</Filter>
    </ClCompile>
    <ClCompile Include="ChartCtrl\ChartPointsSerie.cpp">
      <Filter>ChartCtrl</Filter>
    </ClCompile>
    <ClCompile Include="ChartCtrl\ChartScrollBar.cpp">
      <Filter>ChartCtrl</Filter>
    </ClCompile>
    <ClCompile Include="ChartCtrl\ChartSerie.cpp">
      <Filter>ChartCtrl</Filter>
    </ClCompile>
    <ClCompile Include="ChartCtrl\ChartStandardAxis.cpp">
      <Filter>ChartCtrl</Filter>
    </ClCompile>
    <ClCompile Include="ChartCtrl\ChartSurfaceSerie.cpp">
      <Filter>ChartCtrl</Filter>
    </ClCompile>
    <ClCompile Include="ChartCtrl\ChartTitle.cpp">
      <Filter>ChartCtrl</Filter>
    </ClCompile>
    <ClCompile Include="ChartCtrl\ChartXYSerie.cpp">
      <Filter>ChartCtrl</Filter>
    </ClCompile>
  </ItemGroup>
  <ItemGroup>
    <ResourceCompile Include="TESTEQU.rc">
      <Filter>资源文件</Filter>
    </ResourceCompile>
  </ItemGroup>
  <ItemGroup>
    <None Include="res\TESTEQU.rc2">
      <Filter>资源文件</Filter>
    </None>
    <None Include="ChartCtrl\ChartBalloonLabel.inl">
      <Filter>ChartCtrl</Filter>
    </None>
    <None Include="ChartCtrl\ChartLabel.inl">
      <Filter>ChartCtrl</Filter>
    </None>
    <None Include="ChartCtrl\ChartPointsArray.inl">
      <Filter>ChartCtrl</Filter>
    </None>
    <None Include="ChartCtrl\ChartSerieBase.inl">
      <Filter>ChartCtrl</Filter>
    </None>
  </ItemGroup>
  <ItemGroup>
    <Image Include="res\TEST_EQU.ico">
      <Filter>资源文件</Filter>
    </Image>
    <Image Include="res\TEST_EQUs.ico">
      <Filter>资源文件</Filter>
    </Image>
    <Image Include="project.bmp">
      <Filter>资源文件</Filter>
    </Image>
    <Image Include="1.png">
      <Filter>资源文件</Filter>
    </Image>
    <Image Include="2.png">
      <Filter>资源文件</Filter>
    </Image>
    <Image Include="3.png">
      <Filter>资源文件</Filter>
    </Image>
    <Image Include="4.png">
      <Filter>资源文件</Filter>
    </Image>
    <Image Include="5.png">
      <Filter>资源文件</Filter>
    </Image>
    <Image Include="6.png">
      <Filter>资源文件</Filter>
    </Image>
    <Image Include="7.png">
      <Filter>资源文件</Filter>
    </Image>
    <Image Include="res\bitmap2.bmp">
      <Filter>资源文件</Filter>
    </Image>
    <Image Include="C:\Users\sartreck\Pictures\Camera Roll\1.bmp">
      <Filter>资源文件</Filter>
    </Image>
    <Image Include="C:\Users\sartreck\Pictures\Camera Roll\2.bmp">
      <Filter>资源文件</Filter>
    </Image>
    <Image Include="C:\Users\sartreck\Pictures\Camera Roll\3.bmp">
      <Filter>资源文件</Filter>
    </Image>
    <Image Include="C:\Users\sartreck\Pictures\Camera Roll\4.bmp">
      <Filter>资源文件</Filter>
    </Image>
    <Image Include="C:\Users\sartreck\Pictures\Camera Roll\5.bmp">
      <Filter>资源文件</Filter>
    </Image>
    <Image Include="C:\Users\sartreck\Pictures\Camera Roll\6.bmp">
      <Filter>资源文件</Filter>
    </Image>
    <Image Include="C:\Users\sartreck\Pictures\Camera Roll\7.bmp">
      <Filter>资源文件</Filter>
    </Image>
    <Image Include="1.bmp">
      <Filter>资源文件</Filter>
    </Image>
    <Image Include="2.bmp">
      <Filter>资源文件</Filter>
    </Image>
    <Image Include="3.bmp">
      <Filter>资源文件</Filter>
    </Image>
    <Image Include="4.bmp">
      <Filter>资源文件</Filter>
    </Image>
    <Image Include="5.bmp">
      <Filter>资源文件</Filter>
    </Image>
    <Image Include="6.bmp">
      <Filter>资源文件</Filter>
    </Image>
    <Image Include="7.bmp">
      <Filter>资源文件</Filter>
    </Image>
  </ItemGroup>
</Project>